{
  "name": "hebrewtoroman",
  "version": "1.0.0",
  "lockfileVersion": 2,
  "requires": true,
  "packages": {
    "": {
      "name": "hebrewtoroman",
      "version": "1.0.0",
      "license": "ISC",
      "dependencies": {
        "@hebcal/core": "^3.48.4"
      }
    },
    "node_modules/@hebcal/core": {
      "version": "3.48.4",
      "resolved": "https://registry.npmjs.org/@hebcal/core/-/core-3.48.4.tgz",
      "integrity": "sha512-avYqGy+z+l+fUIgz4GkEwiv8ImJDfKroJEi1Ag6wPykh9PPVZba1+gljNdn5FYWd7zur6quD21dhjN6Sa/Jbgg==",
      "engines": {
        "node": ">= 12.17.0"
      }
    }
  },
  "dependencies": {
    "@hebcal/core": {
      "version": "3.48.4",
      "resolved": "https://registry.npmjs.org/@hebcal/core/-/core-3.48.4.tgz",
      "integrity": "sha512-avYqGy+z+l+fUIgz4GkEwiv8ImJDfKroJEi1Ag6wPykh9PPVZba1+gljNdn5FYWd7zur6quD21dhjN6Sa/Jbgg=="
    }
  }
}
